[[package]]
name = "attrs"
version = "22.1.0"
description = "Classes Without Boilerplate"
category = "dev"
optional = false
python-versions = ">=3.5"

[package.extras]
dev = ["cloudpickle", "coverage[toml] (>=5.0.2)", "furo", "hypothesis", "mypy (>=0.900,!=0.940)", "pre-commit", "pympler", "pytest (>=4.3.0)", "pytest-mypy-plugins", "sphinx", "sphinx-notfound-page", "zope.interface"]
docs = ["furo", "sphinx", "sphinx-notfound-page", "zope.interface"]
tests = ["cloudpickle", "coverage[toml] (>=5.0.2)", "hypothesis", "mypy (>=0.900,!=0.940)", "pympler", "pytest (>=4.3.0)", "pytest-mypy-plugins", "zope.interface"]
tests-no-zope = ["cloudpickle", "coverage[toml] (>=5.0.2)", "hypothesis", "mypy (>=0.900,!=0.940)", "pympler", "pytest (>=4.3.0)", "pytest-mypy-plugins"]

[[package]]
name = "black"
version = "22.8.0"
description = "The uncompromising code formatter."
category = "dev"
optional = false
python-versions = ">=3.6.2"

[package.dependencies]
click = ">=8.0.0"
mypy-extensions = ">=0.4.3"
pathspec = ">=0.9.0"
platformdirs = ">=2"
tomli = {version = ">=1.1.0", markers = "python_full_version < \"3.11.0a7\""}
typing-extensions = {version = ">=3.10.0.0", markers = "python_version < \"3.10\""}

[package.extras]
colorama = ["colorama (>=0.4.3)"]
d = ["aiohttp (>=3.7.4)"]
jupyter = ["ipython (>=7.8.0)", "tokenize-rt (>=3.2.0)"]
uvloop = ["uvloop (>=0.15.2)"]

[[package]]
name = "bottle"
version = "0.12.23"
description = "Fast and simple WSGI-framework for small web-applications."
category = "main"
optional = false
python-versions = "*"

[[package]]
name = "click"
version = "8.1.3"
description = "Composable command line interface toolkit"
category = "dev"
optional = false
python-versions = ">=3.7"

[package.dependencies]
colorama = {version = "*", markers = "platform_system == \"Windows\""}

[[package]]
name = "clickhouse-driver"
version = "0.2.4"
description = "Python driver with native interface for ClickHouse"
category = "main"
optional = false
python-versions = ">=3.4, <4"

[package.dependencies]
pytz = "*"
tzlocal = "*"

[package.extras]
lz4 = ["clickhouse-cityhash (>=1.0.2.1)", "lz4", "lz4 (<=3.0.1)"]
numpy = ["numpy (>=1.12.0)", "pandas (>=0.24.0)"]
zstd = ["clickhouse-cityhash (>=1.0.2.1)", "zstd"]

[[package]]
name = "colorama"
version = "0.4.5"
description = "Cross-platform colored terminal text."
category = "dev"
optional = false
python-versions = ">=2.7, !=3.0.*, !=3.1.*, !=3.2.*, !=3.3.*, !=3.4.*"

[[package]]
name = "iniconfig"
version = "1.1.1"
description = "iniconfig: brain-dead simple config-ini parsing"
category = "dev"
optional = false
python-versions = "*"

[[package]]
name = "mypy-extensions"
version = "0.4.3"
description = "Experimental type system extensions for programs checked with the mypy typechecker."
category = "dev"
optional = false
python-versions = "*"

[[package]]
name = "packaging"
version = "21.3"
description = "Core utilities for Python packages"
category = "dev"
optional = false
python-versions = ">=3.6"

[package.dependencies]
pyparsing = ">=2.0.2,<3.0.5 || >3.0.5"

[[package]]
name = "pathspec"
version = "0.10.1"
description = "Utility library for gitignore style pattern matching of file paths."
category = "dev"
optional = false
python-versions = ">=3.7"

[[package]]
name = "platformdirs"
version = "2.5.2"
description = "A small Python module for determining appropriate platform-specific dirs, e.g. a \"user data dir\"."
category = "dev"
optional = false
python-versions = ">=3.7"

[package.extras]
docs = ["furo (>=2021.7.5b38)", "proselint (>=0.10.2)", "sphinx (>=4)", "sphinx-autodoc-typehints (>=1.12)"]
test = ["appdirs (==1.4.4)", "pytest (>=6)", "pytest-cov (>=2.7)", "pytest-mock (>=3.6)"]

[[package]]
name = "pluggy"
version = "1.0.0"
description = "plugin and hook calling mechanisms for python"
category = "dev"
optional = false
python-versions = ">=3.6"

[package.extras]
dev = ["pre-commit", "tox"]
testing = ["pytest", "pytest-benchmark"]

[[package]]
name = "prometheus-client"
version = "0.15.0"
description = "Python client for the Prometheus monitoring system."
category = "main"
optional = false
python-versions = ">=3.6"

[package.extras]
twisted = ["twisted"]

[[package]]
name = "py"
version = "1.11.0"
description = "library with cross-python path, ini-parsing, io, code, log facilities"
category = "dev"
optional = false
python-versions = ">=2.7, !=3.0.*, !=3.1.*, !=3.2.*, !=3.3.*, !=3.4.*"

[[package]]
name = "pyparsing"
version = "3.0.9"
description = "pyparsing module - Classes and methods to define and execute parsing grammars"
category = "dev"
optional = false
python-versions = ">=3.6.8"

[package.extras]
diagrams = ["jinja2", "railroad-diagrams"]

[[package]]
name = "pytest"
version = "7.1.3"
description = "pytest: simple powerful testing with Python"
category = "dev"
optional = false
python-versions = ">=3.7"

[package.dependencies]
attrs = ">=19.2.0"
colorama = {version = "*", markers = "sys_platform == \"win32\""}
iniconfig = "*"
packaging = "*"
pluggy = ">=0.12,<2.0"
py = ">=1.8.2"
tomli = ">=1.0.0"

[package.extras]
testing = ["argcomplete", "hypothesis (>=3.56)", "mock", "nose", "pygments (>=2.7.2)", "requests", "xmlschema"]

[[package]]
name = "pytz"
version = "2022.2.1"
description = "World timezone definitions, modern and historical"
category = "main"
optional = false
python-versions = "*"

[[package]]
name = "pytz-deprecation-shim"
version = "0.1.0.post0"
description = "Shims to make deprecation of pytz easier"
category = "main"
optional = false
python-versions = "!=3.0.*,!=3.1.*,!=3.2.*,!=3.3.*,!=3.4.*,!=3.5.*,>=2.7"

[package.dependencies]
tzdata = {version = "*", markers = "python_version >= \"3.6\""}

[[package]]
name = "tomli"
version = "2.0.1"
description = "A lil' TOML parser"
category = "dev"
optional = false
python-versions = ">=3.7"

[[package]]
name = "typing-extensions"
version = "4.3.0"
description = "Backported and Experimental Type Hints for Python 3.7+"
category = "dev"
optional = false
python-versions = ">=3.7"

[[package]]
name = "tzdata"
version = "2022.2"
description = "Provider of IANA time zone data"
category = "main"
optional = false
python-versions = ">=2"

[[package]]
name = "tzlocal"
version = "4.2"
description = "tzinfo object for the local timezone"
category = "main"
optional = false
python-versions = ">=3.6"

[package.dependencies]
pytz-deprecation-shim = "*"
tzdata = {version = "*", markers = "platform_system == \"Windows\""}

[package.extras]
devenv = ["black", "pyroma", "pytest-cov", "zest.releaser"]
test = ["pytest (>=4.3)", "pytest-mock (>=3.3)"]

[metadata]
lock-version = "1.1"
python-versions = "^3.9"
content-hash = "3a3adc6f6a072102873ede5fdeed470a9b764bfdeb0efc2407e4f889ec320945"

[metadata.files]
attrs = [
    {file = "attrs-22.1.0-py2.py3-none-any.whl", hash = "sha256:86efa402f67bf2df34f51a335487cf46b1ec130d02b8d39fd248abfd30da551c"},
    {file = "attrs-22.1.0.tar.gz", hash = "sha256:29adc2665447e5191d0e7c568fde78b21f9672d344281d0c6e1ab085429b22b6"},
]
black = [
    {file = "black-22.8.0-cp310-cp310-macosx_10_9_universal2.whl", hash = "sha256:ce957f1d6b78a8a231b18e0dd2d94a33d2ba738cd88a7fe64f53f659eea49fdd"},
    {file = "black-22.8.0-cp310-cp310-macosx_10_9_x86_64.whl", hash = "sha256:5107ea36b2b61917956d018bd25129baf9ad1125e39324a9b18248d362156a27"},
    {file = "black-22.8.0-cp310-cp310-macosx_11_0_arm64.whl", hash = "sha256:e8166b7bfe5dcb56d325385bd1d1e0f635f24aae14b3ae437102dedc0c186747"},
    {file = "black-22.8.0-cp310-cp310-manylinux_2_17_x86_64.manylinux2014_x86_64.whl", hash = "sha256:dd82842bb272297503cbec1a2600b6bfb338dae017186f8f215c8958f8acf869"},
    {file = "black-22.8.0-cp310-cp310-win_amd64.whl", hash = "sha256:d839150f61d09e7217f52917259831fe2b689f5c8e5e32611736351b89bb2a90"},
    {file = "black-22.8.0-cp36-cp36m-macosx_10_9_x86_64.whl", hash = "sha256:a05da0430bd5ced89176db098567973be52ce175a55677436a271102d7eaa3fe"},
    {file = "black-22.8.0-cp36-cp36m-manylinux_2_17_x86_64.manylinux2014_x86_64.whl", hash = "sha256:4a098a69a02596e1f2a58a2a1c8d5a05d5a74461af552b371e82f9fa4ada8342"},
    {file = "black-22.8.0-cp36-cp36m-win_amd64.whl", hash = "sha256:5594efbdc35426e35a7defa1ea1a1cb97c7dbd34c0e49af7fb593a36bd45edab"},
    {file = "black-22.8.0-cp37-cp37m-macosx_10_9_x86_64.whl", hash = "sha256:a983526af1bea1e4cf6768e649990f28ee4f4137266921c2c3cee8116ae42ec3"},
    {file = "black-22.8.0-cp37-cp37m-manylinux_2_17_x86_64.manylinux2014_x86_64.whl", hash = "sha256:3b2c25f8dea5e8444bdc6788a2f543e1fb01494e144480bc17f806178378005e"},
    {file = "black-22.8.0-cp37-cp37m-win_amd64.whl", hash = "sha256:78dd85caaab7c3153054756b9fe8c611efa63d9e7aecfa33e533060cb14b6d16"},
    {file = "black-22.8.0-cp38-cp38-macosx_10_9_universal2.whl", hash = "sha256:cea1b2542d4e2c02c332e83150e41e3ca80dc0fb8de20df3c5e98e242156222c"},
    {file = "black-22.8.0-cp38-cp38-macosx_10_9_x86_64.whl", hash = "sha256:5b879eb439094751185d1cfdca43023bc6786bd3c60372462b6f051efa6281a5"},
    {file = "black-22.8.0-cp38-cp38-macosx_11_0_arm64.whl", hash = "sha256:0a12e4e1353819af41df998b02c6742643cfef58282915f781d0e4dd7a200411"},
    {file = "black-22.8.0-cp38-cp38-manylinux_2_17_x86_64.manylinux2014_x86_64.whl", hash = "sha256:c3a73f66b6d5ba7288cd5d6dad9b4c9b43f4e8a4b789a94bf5abfb878c663eb3"},
    {file = "black-22.8.0-cp38-cp38-win_amd64.whl", hash = "sha256:e981e20ec152dfb3e77418fb616077937378b322d7b26aa1ff87717fb18b4875"},
    {file = "black-22.8.0-cp39-cp39-macosx_10_9_universal2.whl", hash = "sha256:8ce13ffed7e66dda0da3e0b2eb1bdfc83f5812f66e09aca2b0978593ed636b6c"},
    {file = "black-22.8.0-cp39-cp39-macosx_10_9_x86_64.whl", hash = "sha256:32a4b17f644fc288c6ee2bafdf5e3b045f4eff84693ac069d87b1a347d861497"},
    {file = "black-22.8.0-cp39-cp39-macosx_11_0_arm64.whl", hash = "sha256:0ad827325a3a634bae88ae7747db1a395d5ee02cf05d9aa7a9bd77dfb10e940c"},
    {file = "black-22.8.0-cp39-cp39-manylinux_2_17_x86_64.manylinux2014_x86_64.whl", hash = "sha256:53198e28a1fb865e9fe97f88220da2e44df6da82b18833b588b1883b16bb5d41"},
    {file = "black-22.8.0-cp39-cp39-win_amd64.whl", hash = "sha256:bc4d4123830a2d190e9cc42a2e43570f82ace35c3aeb26a512a2102bce5af7ec"},
    {file = "black-22.8.0-py3-none-any.whl", hash = "sha256:d2c21d439b2baf7aa80d6dd4e3659259be64c6f49dfd0f32091063db0e006db4"},
    {file = "black-22.8.0.tar.gz", hash = "sha256:792f7eb540ba9a17e8656538701d3eb1afcb134e3b45b71f20b25c77a8db7e6e"},
]
bottle = [
    {file = "bottle-0.12.23-py3-none-any.whl", hash = "sha256:9f1c363257c590bd34db5fad4693a7f06ff4217e9ad18337451de69c25137127"},
    {file = "bottle-0.12.23.tar.gz", hash = "sha256:683de3aa399fb26e87b274dbcf70b1a651385d459131716387abdc3792e04167"},
]
click = [
    {file = "click-8.1.3-py3-none-any.whl", hash = "sha256:bb4d8133cb15a609f44e8213d9b391b0809795062913b383c62be0ee95b1db48"},
    {file = "click-8.1.3.tar.gz", hash = "sha256:7682dc8afb30297001674575ea00d1814d808d6a36af415a82bd481d37ba7b8e"},
]
clickhouse-driver = [
    {file = "clickhouse-driver-0.2.4.tar.gz", hash = "sha256:bbbc4180bc645d5810c7253e2b59c9381953f8b9bbbac34f0c06103d7c0c56dc"},
    {file = "clickhouse_driver-0.2.4-cp310-cp310-macosx_10_9_x86_64.whl", hash = "sha256:6684e17155c87997908effafa41225cd13d75118c6fc50eb4a16cb2253b6ac23"},
    {file = "clickhouse_driver-0.2.4-cp310-cp310-manylinux_2_17_aarch64.manylinux2014_aarch64.whl", hash = "sha256:570d3fd5b84bff6da810064453a6393f936888b12be3b622ae0aca855e40a2ce"},
    {file = "clickhouse_driver-0.2.4-cp310-cp310-manylinux_2_17_ppc64le.manylinux2014_ppc64le.whl", hash = "sha256:285b5f384473079cb5834f5e61edca2f29e296a38b33b187ef97f7bab89d1829"},
    {file = "clickhouse_driver-0.2.4-cp310-cp310-manylinux_2_17_s390x.manylinux2014_s390x.whl", hash = "sha256:4fd981c6b6063bf60772ddaf55d93d971c51ef3a53eb54de3a43277d55d3bb16"},
    {file = "clickhouse_driver-0.2.4-cp310-cp310-manylinux_2_5_i686.manylinux1_i686.manylinux_2_12_i686.manylinux2010_i686.whl", hash = "sha256:693e9272290d27a483bace42e389bf51dcb8417e92654651c27fbe082e94ef62"},
    {file = "clickhouse_driver-0.2.4-cp310-cp310-manylinux_2_5_x86_64.manylinux1_x86_64.manylinux_2_12_x86_64.manylinux2010_x86_64.whl", hash = "sha256:fedb777dcb220189bfcb206889dd1c8541083018340efa258d852310823ad658"},
    {file = "clickhouse_driver-0.2.4-cp310-cp310-musllinux_1_1_aarch64.whl", hash = "sha256:d023f9466224025477d9bf623f8425d40a982c5a1d917b4b4fbbb1ce178d389b"},
    {file = "clickhouse_driver-0.2.4-cp310-cp310-musllinux_1_1_i686.whl", hash = "sha256:c3b437033463b26e37b1edcda677ed98fb82e6e997c13982c91fb79c770d8faa"},
    {file = "clickhouse_driver-0.2.4-cp310-cp310-musllinux_1_1_ppc64le.whl", hash = "sha256:671410847e68423b8bfecbecd4e640e115b40bc376300a8c764d7230a69b2c1a"},
    {file = "clickhouse_driver-0.2.4-cp310-cp310-musllinux_1_1_s390x.whl", hash = "sha256:9bf27b90b9e07181472fbd246a4adc9601028f9d07cea715885dcdc5c2915991"},
    {file = "clickhouse_driver-0.2.4-cp310-cp310-musllinux_1_1_x86_64.whl", hash = "sha256:8c776ab9592d456351ba2c4b05a8149761f36991033257d9c31ef6d26952dbe7"},
    {file = "clickhouse_driver-0.2.4-cp310-cp310-win32.whl", hash = "sha256:bb1423d6daa8736aade0f7d31870c28ab2e7553a21cf923af6f1ff4a219c0ac9"},
    {file = "clickhouse_driver-0.2.4-cp310-cp310-win_amd64.whl", hash = "sha256:3955616073d030dc8cc7b0ef68ffe045510334137c1b5d11447347352d0dec28"},
    {file = "clickhouse_driver-0.2.4-cp311-cp311-macosx_10_9_x86_64.whl", hash = "sha256:cd217a28e3821cbba49fc0ea87e0e6dde799e62af327d1f9c5f9480abd71e17c"},
    {file = "clickhouse_driver-0.2.4-cp311-cp311-manylinux_2_17_aarch64.manylinux2014_aarch64.whl", hash = "sha256:6f4863a8eb369a36266f372e9eacc3fe222e4d31e1b2a7a2da759b521fffad1c"},
    {file = "clickhouse_driver-0.2.4-cp311-cp311-manylinux_2_17_ppc64le.manylinux2014_ppc64le.whl", hash = "sha256:c87ce674ebb2f5e38b68c36464538fffdea4f5432bb136cb6980489ae3c6dbe9"},
    {file = "clickhouse_driver-0.2.4-cp311-cp311-manylinux_2_17_s390x.manylinux2014_s390x.whl", hash = "sha256:383690650fccaffa7f0e56d6fb0b00b9227b408fb3d92291a1f1ed66ce83df7c"},
    {file = "clickhouse_driver-0.2.4-cp311-cp311-manylinux_2_17_x86_64.manylinux2014_x86_64.whl", hash = "sha256:9a68ac4633fd4cf265e619adeec1c0ee67ff1d9b5373c140b8400adcc4831c19"},
    {file = "clickhouse_driver-0.2.4-cp311-cp311-manylinux_2_5_i686.manylinux1_i686.manylinux_2_17_i686.manylinux2014_i686.whl", hash = "sha256:5551056e5ab9e1dac67abbdf202b6e67590aa79a013a9da8ecbaec828e0790fe"},
    {file = "clickhouse_driver-0.2.4-cp311-cp311-musllinux_1_1_aarch64.whl", hash = "sha256:93b601573779c5e8c2344cd983ef87de0fc8a31392bdc8571e79ed318f30dbbb"},
    {file = "clickhouse_driver-0.2.4-cp311-cp311-musllinux_1_1_i686.whl", hash = "sha256:f228edc258f9ef6ee29b5618832b38479a0cfaa5bb837150ba62bbc1357a58cd"},
    {file = "clickhouse_driver-0.2.4-cp311-cp311-musllinux_1_1_ppc64le.whl", hash = "sha256:4b39c0f962a3664a72e0bfaa30929d0317b5e3427ff8b36d7889f8d31f4ff89e"},
    {file = "clickhouse_driver-0.2.4-cp311-cp311-musllinux_1_1_s390x.whl", hash = "sha256:47465598241cdf0b3a7810667c6104ada7b992a797768883ce30635a213568c3"},
    {file = "clickhouse_driver-0.2.4-cp311-cp311-musllinux_1_1_x86_64.whl", hash = "sha256:e9f31e7ccfd5cf526fd9db50ade94504007992922c8e556ba54e8ba637e9cca0"},
    {file = "clickhouse_driver-0.2.4-cp311-cp311-win32.whl", hash = "sha256:da0bcd41aeb50ec4316808c11d591aef60fe1b9de997df10ffcad9ab3cb0efa2"},
    {file = "clickhouse_driver-0.2.4-cp311-cp311-win_amd64.whl", hash = "sha256:bb64ad0dfcc5ee158b01411e7a828bb3b20e4a2bc2f99da219acff0a9d18808c"},
    {file = "clickhouse_driver-0.2.4-cp36-cp36m-macosx_10_9_x86_64.whl", hash = "sha256:b746e83652fbb89cb907adfdd69d6a7c7019bb5bbbdf68454bdcd16b09959a00"},
    {file = "clickhouse_driver-0.2.4-cp36-cp36m-manylinux_2_17_aarch64.manylinux2014_aarch64.whl", hash = "sha256:4b9cf37f0b7165619d2e0188a71018300ed1a937ca518b01a5d168aec0a09add"},
    {file = "clickhouse_driver-0.2.4-cp36-cp36m-manylinux_2_17_ppc64le.manylinux2014_ppc64le.whl", hash = "sha256:be4da882979c5a6d5631b5db6acb6407d76c73be6635ab0a76378b98aac8e5ab"},
    {file = "clickhouse_driver-0.2.4-cp36-cp36m-manylinux_2_17_s390x.manylinux2014_s390x.whl", hash = "sha256:9b61a2b479169b29724a53af8d85f7802f78cf69534f299ebb5e73e217251953"},
    {file = "clickhouse_driver-0.2.4-cp36-cp36m-manylinux_2_5_i686.manylinux1_i686.manylinux_2_12_i686.manylinux2010_i686.whl", hash = "sha256:a6e03bdbc96f6914fc96fa99d49e02c600f06ada0fa24bd124e8722603beb4a5"},
    {file = "clickhouse_driver-0.2.4-cp36-cp36m-manylinux_2_5_x86_64.manylinux1_x86_64.manylinux_2_12_x86_64.manylinux2010_x86_64.whl", hash = "sha256:f14b6672e0518f94def57674e327193a46fd67ea71f8b29b096cb75c5e10ab5a"},
    {file = "clickhouse_driver-0.2.4-cp36-cp36m-musllinux_1_1_aarch64.whl", hash = "sha256:2d42512e8eec5c8ce06d35310a3209904ff42994eed253b2e0692af39f877e60"},
    {file = "clickhouse_driver-0.2.4-cp36-cp36m-musllinux_1_1_i686.whl", hash = "sha256:58734901beee7756a1d2c046316d38907e6580cfc79013c1a8a4ea492e86dc8b"},
    {file = "clickhouse_driver-0.2.4-cp36-cp36m-musllinux_1_1_ppc64le.whl", hash = "sha256:0cf817a3cf1dd655274be90079a88546196ae210cb15e4e43939c4c2d022d6fe"},
    {file = "clickhouse_driver-0.2.4-cp36-cp36m-musllinux_1_1_s390x.whl", hash = "sha256:3ee4d49bd701050cc84463673e0447bb2b92a7d681157b9e0f409eafa68947e8"},
    {file = "clickhouse_driver-0.2.4-cp36-cp36m-musllinux_1_1_x86_64.whl", hash = "sha256:27e1c594df84892d5fa7dc0e681a53877a6e699a55657eac9c0a5a56250b7c15"},
    {file = "clickhouse_driver-0.2.4-cp36-cp36m-win32.whl", hash = "sha256:ad6a3525c66ebf86511a75a09d53ab96a5c6d9edafe220dad0451d26f17fc16d"},
    {file = "clickhouse_driver-0.2.4-cp36-cp36m-win_amd64.whl", hash = "sha256:fa5bd43fb5679d6e3ec4ee8b0969141ad55e2deb3704b0ec777f4b37464239fe"},
    {file = "clickhouse_driver-0.2.4-cp37-cp37m-macosx_10_9_x86_64.whl", hash = "sha256:2dd5ae6fb18eec063c7b65048ca640a1de21232d4d563f2eb57690db081f20bb"},
    {file = "clickhouse_driver-0.2.4-cp37-cp37m-manylinux_2_17_aarch64.manylinux2014_aarch64.whl", hash = "sha256:16f5e82fdc77a7d3a20820e378de28d74af1bd7dbcf08740ddd231507c70118e"},
    {file = "clickhouse_driver-0.2.4-cp37-cp37m-manylinux_2_17_ppc64le.manylinux2014_ppc64le.whl", hash = "sha256:93d5efab32b1fc2a89e9e9a21cdfba3b721dc5a83295d65fc528345e8c28a5bf"},
    {file = "clickhouse_driver-0.2.4-cp37-cp37m-manylinux_2_17_s390x.manylinux2014_s390x.whl", hash = "sha256:8743494cf76e44662656915a66c8a06ac6323f8cc2cd4de7e2418119d200212a"},
    {file = "clickhouse_driver-0.2.4-cp37-cp37m-manylinux_2_5_i686.manylinux1_i686.manylinux_2_12_i686.manylinux2010_i686.whl", hash = "sha256:8e8c9dae6bafb70dbbe9d5dafaa973b9bbbd7402e051b7190df9783f837cb68a"},
    {file = "clickhouse_driver-0.2.4-cp37-cp37m-manylinux_2_5_x86_64.manylinux1_x86_64.manylinux_2_12_x86_64.manylinux2010_x86_64.whl", hash = "sha256:5dc7e53cb26dfce7f3c98dbd21b735e882e050da687697e382170873991fd9c9"},
    {file = "clickhouse_driver-0.2.4-cp37-cp37m-musllinux_1_1_aarch64.whl", hash = "sha256:613aa3cd1a44a380edaad1e2837bc39fe64e5b4ed13710d073f63323d3a518c1"},
    {file = "clickhouse_driver-0.2.4-cp37-cp37m-musllinux_1_1_i686.whl", hash = "sha256:960ff6df35206f4aa80d968798fa4f7bfcbca3365e94704c55b6f05e376df76e"},
    {file = "clickhouse_driver-0.2.4-cp37-cp37m-musllinux_1_1_ppc64le.whl", hash = "sha256:71a9a157077f78b80218f77a7fbc52ea649281d283639048bc11cddf9a140530"},
    {file = "clickhouse_driver-0.2.4-cp37-cp37m-musllinux_1_1_s390x.whl", hash = "sha256:2e7bef7b57f0c67fb8e5cb3575dbcf57145acfc08c1ef62020fda553e193cf7a"},
    {file = "clickhouse_driver-0.2.4-cp37-cp37m-musllinux_1_1_x86_64.whl", hash = "sha256:1f67e66b84c2ed8e62d083329874c2166bb02e540fc4db189daee61da749cc94"},
    {file = "clickhouse_driver-0.2.4-cp37-cp37m-win32.whl", hash = "sha256:cb4f6060803c2a00431ba9ccfa5eb9437caf2ff4443898608d5e7065a16da73e"},
    {file = "clickhouse_driver-0.2.4-cp37-cp37m-win_amd64.whl", hash = "sha256:a59263b35db2280f8b4f1555f56ed0b36c92666753c06ed45f2a87b86196e5f2"},
    {file = "clickhouse_driver-0.2.4-cp38-cp38-macosx_10_9_x86_64.whl", hash = "sha256:3f31cbf5c91da748182f87a51a47ddcc771aca5b85d69d9810d216a03589feeb"},
    {file = "clickhouse_driver-0.2.4-cp38-cp38-manylinux_2_17_aarch64.manylinux2014_aarch64.whl", hash = "sha256:b2c2086fe48456c3676e2163b6782bb2f4f883e8647960dbe5c8556a6744c7b4"},
    {file = "clickhouse_driver-0.2.4-cp38-cp38-manylinux_2_17_ppc64le.manylinux2014_ppc64le.whl", hash = "sha256:4a41012b2d5e3cb2963ec141fc5b08939d1f2aa881174b36eaefde8f8e70a42a"},
    {file = "clickhouse_driver-0.2.4-cp38-cp38-manylinux_2_17_s390x.manylinux2014_s390x.whl", hash = "sha256:a44e81888a70ac4b782a14aecfcadfae469513747e6beb0d8c0b59f6499156fb"},
    {file = "clickhouse_driver-0.2.4-cp38-cp38-manylinux_2_5_i686.manylinux1_i686.manylinux_2_12_i686.manylinux2010_i686.whl", hash = "sha256:158f0f8b0efa47a3f8ec49c2455da3e8e48e3adb998a4fc18407317790d40170"},
    {file = "clickhouse_driver-0.2.4-cp38-cp38-manylinux_2_5_x86_64.manylinux1_x86_64.manylinux_2_12_x86_64.manylinux2010_x86_64.whl", hash = "sha256:1f8dfb26f7bffbef4a1e586797b66648636649be62b0da19a3852d75c3739e81"},
    {file = "clickhouse_driver-0.2.4-cp38-cp38-musllinux_1_1_aarch64.whl", hash = "sha256:5d8a39773116413fd95be8688fde2ab0aa8f997464c97e2efe31c5e1a92dc981"},
    {file = "clickhouse_driver-0.2.4-cp38-cp38-musllinux_1_1_i686.whl", hash = "sha256:84c4bfb3d10ad24db5b76f67427e9032e53ec55745a40714d34e1f8dee2e23ee"},
    {file = "clickhouse_driver-0.2.4-cp38-cp38-musllinux_1_1_ppc64le.whl", hash = "sha256:ef4c40424a1bb42c5c3108ab3ae0e0937b7093f78e8427bbdfd3a8a1ffa494af"},
    {file = "clickhouse_driver-0.2.4-cp38-cp38-musllinux_1_1_s390x.whl", hash = "sha256:150630df3db658b3d7b8a014ebbec1d9852f0dd702c9bcd5f3999df6c73f9cbc"},
    {file = "clickhouse_driver-0.2.4-cp38-cp38-musllinux_1_1_x86_64.whl", hash = "sha256:b1e00c88f1d930ba2bf0d4d89779b96fc90024e18764d3256a7746b813816dd8"},
    {file = "clickhouse_driver-0.2.4-cp38-cp38-win32.whl", hash = "sha256:4609aa2768ddb5830bd3b8e6de9673bcf91737ca4cae7df08767e786503350b4"},
    {file = "clickhouse_driver-0.2.4-cp38-cp38-win_amd64.whl", hash = "sha256:cc49166e8e0e53b5c31f52523d3fb118d97a5b39dbbdd6871248774dc203d9a2"},
    {file = "clickhouse_driver-0.2.4-cp39-cp39-macosx_10_9_x86_64.whl", hash = "sha256:9d36e844f2191829e6f60194762affb32b458d42361e667156e96ad0a3be70d8"},
    {file = "clickhouse_driver-0.2.4-cp39-cp39-manylinux_2_17_aarch64.manylinux2014_aarch64.whl", hash = "sha256:460edc5f0cbc14bca0223d18a2e8936868cdcdfbd6c8e32b5a0a1553dbf4391f"},
    {file = "clickhouse_driver-0.2.4-cp39-cp39-manylinux_2_17_ppc64le.manylinux2014_ppc64le.whl", hash = "sha256:1e0fe4d16f35c94b425a4e257c15524bc6f8dbcfd4d1fb64e88a1756a52a8887"},
    {file = "clickhouse_driver-0.2.4-cp39-cp39-manylinux_2_17_s390x.manylinux2014_s390x.whl", hash = "sha256:c940983558543d6d31fcced7d0ab136d12d9d94974b1f25019b19a6ea1b4628b"},
    {file = "clickhouse_driver-0.2.4-cp39-cp39-manylinux_2_5_i686.manylinux1_i686.manylinux_2_12_i686.manylinux2010_i686.whl", hash = "sha256:c25b8401183b8aa91def7ddcb5c10ad013abed8384b09c88f8767d8c135cd208"},
    {file = "clickhouse_driver-0.2.4-cp39-cp39-manylinux_2_5_x86_64.manylinux1_x86_64.manylinux_2_12_x86_64.manylinux2010_x86_64.whl", hash = "sha256:6b3c5d8ba709871deecca3ada9241c19e300e3b70f04bd77c6787fcdff2b9c3a"},
    {file = "clickhouse_driver-0.2.4-cp39-cp39-musllinux_1_1_aarch64.whl", hash = "sha256:28d00a84ee82ae4bfc58cf7c3de2bcd4577c023dd5242825b1de6ab274f49b95"},
    {file = "clickhouse_driver-0.2.4-cp39-cp39-musllinux_1_1_i686.whl", hash = "sha256:8ef04d353bb53413649391473d6481bc4ca097e0227c4d2ea5e5f56cfd7490df"},
    {file = "clickhouse_driver-0.2.4-cp39-cp39-musllinux_1_1_ppc64le.whl", hash = "sha256:f6a30ed0eabbde4ac69c61d52fb93640d128cf7ef1e97e6b153d6b941cefd935"},
    {file = "clickhouse_driver-0.2.4-cp39-cp39-musllinux_1_1_s390x.whl", hash = "sha256:341777187e6dcd797329864d73f32df7fd4a4a50fa96b009458d1945bad3770b"},
    {file = "clickhouse_driver-0.2.4-cp39-cp39-musllinux_1_1_x86_64.whl", hash = "sha256:2dec5fd8e235023696e71213a8488ab7a2423d32608f0887ebb25d9b78b5e463"},
    {file = "clickhouse_driver-0.2.4-cp39-cp39-win32.whl", hash = "sha256:ca9556b46d24d638207f69b39be721f6e6310302b0c2f3f2a3b00511b6c52c3a"},
    {file = "clickhouse_driver-0.2.4-cp39-cp39-win_amd64.whl", hash = "sha256:8b8e1579110f4464277ff1f97b3cb1d4c47441e889e0c95802d4bcbb7b6cbef9"},
    {file = "clickhouse_driver-0.2.4-pp37-pypy37_pp73-macosx_10_9_x86_64.whl", hash = "sha256:48756214408f397da7c74ca4833b9ab9a729d7a2f7c840bb3d03fd36276c0ed3"},
    {file = "clickhouse_driver-0.2.4-pp37-pypy37_pp73-manylinux_2_17_aarch64.manylinux2014_aarch64.whl", hash = "sha256:1f4e6ec5400ed8e2a272adc81405b1c0476d671766c436c0dec3946652cdb6bd"},
    {file = "clickhouse_driver-0.2.4-pp37-pypy37_pp73-manylinux_2_5_i686.manylinux1_i686.manylinux_2_12_i686.manylinux2010_i686.whl", hash = "sha256:003241225edb92ca23d0741a85cbee322220fe7adfad7d4106954eb5b1428afe"},
    {file = "clickhouse_driver-0.2.4-pp37-pypy37_pp73-manylinux_2_5_x86_64.manylinux1_x86_64.manylinux_2_12_x86_64.manylinux2010_x86_64.whl", hash = "sha256:37f93643b529c33d71c6c3ab4a9b4a52f2bec566db92425a80cd1698cd47604a"},
    {file = "clickhouse_driver-0.2.4-pp37-pypy37_pp73-win_amd64.whl", hash = "sha256:821c7efff84fda8b68680140e07241991ab27296dc62213eb788efef4470fdd5"},
]
colorama = [
    {file = "colorama-0.4.5-py2.py3-none-any.whl", hash = "sha256:854bf444933e37f5824ae7bfc1e98d5bce2ebe4160d46b5edf346a89358e99da"},
    {file = "colorama-0.4.5.tar.gz", hash = "sha256:e6c6b4334fc50988a639d9b98aa429a0b57da6e17b9a44f0451f930b6967b7a4"},
]
iniconfig = [
    {file = "iniconfig-1.1.1-py2.py3-none-any.whl", hash = "sha256:011e24c64b7f47f6ebd835bb12a743f2fbe9a26d4cecaa7f53bc4f35ee9da8b3"},
    {file = "iniconfig-1.1.1.tar.gz", hash = "sha256:bc3af051d7d14b2ee5ef9969666def0cd1a000e121eaea580d4a313df4b37f32"},
]
mypy-extensions = [
    {file = "mypy_extensions-0.4.3-py2.py3-none-any.whl", hash = "sha256:090fedd75945a69ae91ce1303b5824f428daf5a028d2f6ab8a299250a846f15d"},
    {file = "mypy_extensions-0.4.3.tar.gz", hash = "sha256:2d82818f5bb3e369420cb3c4060a7970edba416647068eb4c5343488a6c604a8"},
]
packaging = [
    {file = "packaging-21.3-py3-none-any.whl", hash = "sha256:ef103e05f519cdc783ae24ea4e2e0f508a9c99b2d4969652eed6a2e1ea5bd522"},
    {file = "packaging-21.3.tar.gz", hash = "sha256:dd47c42927d89ab911e606518907cc2d3a1f38bbd026385970643f9c5b8ecfeb"},
]
pathspec = [
    {file = "pathspec-0.10.1-py3-none-any.whl", hash = "sha256:46846318467efc4556ccfd27816e004270a9eeeeb4d062ce5e6fc7a87c573f93"},
    {file = "pathspec-0.10.1.tar.gz", hash = "sha256:7ace6161b621d31e7902eb6b5ae148d12cfd23f4a249b9ffb6b9fee12084323d"},
]
platformdirs = [
    {file = "platformdirs-2.5.2-py3-none-any.whl", hash = "sha256:027d8e83a2d7de06bbac4e5ef7e023c02b863d7ea5d079477e722bb41ab25788"},
    {file = "platformdirs-2.5.2.tar.gz", hash = "sha256:58c8abb07dcb441e6ee4b11d8df0ac856038f944ab98b7be6b27b2a3c7feef19"},
]
pluggy = [
    {file = "pluggy-1.0.0-py2.py3-none-any.whl", hash = "sha256:74134bbf457f031a36d68416e1509f34bd5ccc019f0bcc952c7b909d06b37bd3"},
    {file = "pluggy-1.0.0.tar.gz", hash = "sha256:4224373bacce55f955a878bf9cfa763c1e360858e330072059e10bad68531159"},
]
prometheus-client = [
    {file = "prometheus_client-0.15.0-py3-none-any.whl", hash = "sha256:db7c05cbd13a0f79975592d112320f2605a325969b270a94b71dcabc47b931d2"},
    {file = "prometheus_client-0.15.0.tar.gz", hash = "sha256:be26aa452490cfcf6da953f9436e95a9f2b4d578ca80094b4458930e5f584ab1"},
]
py = [
    {file = "py-1.11.0-py2.py3-none-any.whl", hash = "sha256:607c53218732647dff4acdfcd50cb62615cedf612e72d1724fb1a0cc6405b378"},
    {file = "py-1.11.0.tar.gz", hash = "sha256:51c75c4126074b472f746a24399ad32f6053d1b34b68d2fa41e558e6f4a98719"},
]
pyparsing = [
    {file = "pyparsing-3.0.9-py3-none-any.whl", hash = "sha256:5026bae9a10eeaefb61dab2f09052b9f4307d44aee4eda64b309723d8d206bbc"},
    {file = "pyparsing-3.0.9.tar.gz", hash = "sha256:2b020ecf7d21b687f219b71ecad3631f644a47f01403fa1d1036b0c6416d70fb"},
]
pytest = [
    {file = "pytest-7.1.3-py3-none-any.whl", hash = "sha256:1377bda3466d70b55e3f5cecfa55bb7cfcf219c7964629b967c37cf0bda818b7"},
    {file = "pytest-7.1.3.tar.gz", hash = "sha256:4f365fec2dff9c1162f834d9f18af1ba13062db0c708bf7b946f8a5c76180c39"},
]
pytz = [
    {file = "pytz-2022.2.1-py2.py3-none-any.whl", hash = "sha256:220f481bdafa09c3955dfbdddb7b57780e9a94f5127e35456a48589b9e0c0197"},
    {file = "pytz-2022.2.1.tar.gz", hash = "sha256:cea221417204f2d1a2aa03ddae3e867921971d0d76f14d87abb4414415bbdcf5"},
]
pytz-deprecation-shim = [
    {file = "pytz_deprecation_shim-0.1.0.post0-py2.py3-none-any.whl", hash = "sha256:8314c9692a636c8eb3bda879b9f119e350e93223ae83e70e80c31675a0fdc1a6"},
    {file = "pytz_deprecation_shim-0.1.0.post0.tar.gz", hash = "sha256:af097bae1b616dde5c5744441e2ddc69e74dfdcb0c263129610d85b87445a59d"},
]
tomli = [
    {file = "tomli-2.0.1-py3-none-any.whl", hash = "sha256:939de3e7a6161af0c887ef91b7d41a53e7c5a1ca976325f429cb46ea9bc30ecc"},
    {file = "tomli-2.0.1.tar.gz", hash = "sha256:de526c12914f0c550d15924c62d72abc48d6fe7364aa87328337a31007fe8a4f"},
]
typing-extensions = [
    {file = "typing_extensions-4.3.0-py3-none-any.whl", hash = "sha256:25642c956049920a5aa49edcdd6ab1e06d7e5d467fc00e0506c44ac86fbfca02"},
    {file = "typing_extensions-4.3.0.tar.gz", hash = "sha256:e6d2677a32f47fc7eb2795db1dd15c1f34eff616bcaf2cfb5e997f854fa1c4a6"},
]
tzdata = [
    {file = "tzdata-2022.2-py2.py3-none-any.whl", hash = "sha256:c3119520447d68ef3eb8187a55a4f44fa455f30eb1b4238fa5691ba094f2b05b"},
    {file = "tzdata-2022.2.tar.gz", hash = "sha256:21f4f0d7241572efa7f7a4fdabb052e61b55dc48274e6842697ccdf5253e5451"},
]
tzlocal = [
    {file = "tzlocal-4.2-py3-none-any.whl", hash = "sha256:89885494684c929d9191c57aa27502afc87a579be5cdd3225c77c463ea043745"},
    {file = "tzlocal-4.2.tar.gz", hash = "sha256:ee5842fa3a795f023514ac2d801c4a81d1743bbe642e3940143326b3a00addd7"},
]
